// !$*UTF8*$!
{
	archiveVersion = 1;
	classes = {
	};
	objectVersion = 48;
	objects = {

/* Begin PBXBuildFile section */
		CD172F27205B51FA00BD9778 /* AppDelegate.m in Sources */ = {isa = PBXBuildFile; fileRef = CD172F26205B51FA00BD9778 /* AppDelegate.m */; };
		CD172F2A205B51FA00BD9778 /* ViewController.m in Sources */ = {isa = PBXBuildFile; fileRef = CD172F29205B51FA00BD9778 /* ViewController.m */; };
		CD172F2D205B51FA00BD9778 /* Main.storyboard in Resources */ = {isa = PBXBuildFile; fileRef = CD172F2B205B51FA00BD9778 /* Main.storyboard */; };
		CD172F2F205B51FA00BD9778 /* Assets.xcassets in Resources */ = {isa = PBXBuildFile; fileRef = CD172F2E205B51FA00BD9778 /* Assets.xcassets */; };
		CD172F32205B51FA00BD9778 /* LaunchScreen.storyboard in Resources */ = {isa = PBXBuildFile; fileRef = CD172F30205B51FA00BD9778 /* LaunchScreen.storyboard */; };
		CD172F35205B51FA00BD9778 /* main.m in Sources */ = {isa = PBXBuildFile; fileRef = CD172F34205B51FA00BD9778 /* main.m */; };
		CD172F5E205B52DE00BD9778 /* Ghana.png in Resources */ = {isa = PBXBuildFile; fileRef = CD172F3C205B52DE00BD9778 /* Ghana.png */; };
		CD172F5F205B52DE00BD9778 /* Argentina.png in Resources */ = {isa = PBXBuildFile; fileRef = CD172F3D205B52DE00BD9778 /* Argentina.png */; };
		CD172F60205B52DE00BD9778 /* SouthAfrica.png in Resources */ = {isa = PBXBuildFile; fileRef = CD172F3E205B52DE00BD9778 /* SouthAfrica.png */; };
		CD172F61205B52DE00BD9778 /* Holland.png in Resources */ = {isa = PBXBuildFile; fileRef = CD172F3F205B52DE00BD9778 /* Holland.png */; };
		CD172F62205B52DE00BD9778 /* Algeria.png in Resources */ = {isa = PBXBuildFile; fileRef = CD172F40205B52DE00BD9778 /* Algeria.png */; };
		CD172F63205B52DE00BD9778 /* Honduras.png in Resources */ = {isa = PBXBuildFile; fileRef = CD172F41205B52DE00BD9778 /* Honduras.png */; };
		CD172F64205B52DE00BD9778 /* USA.png in Resources */ = {isa = PBXBuildFile; fileRef = CD172F42205B52DE00BD9778 /* USA.png */; };
		CD172F65205B52DE00BD9778 /* Australia.png in Resources */ = {isa = PBXBuildFile; fileRef = CD172F43205B52DE00BD9778 /* Australia.png */; };
		CD172F66205B52DE00BD9778 /* Cameroon.png in Resources */ = {isa = PBXBuildFile; fileRef = CD172F44205B52DE00BD9778 /* Cameroon.png */; };
		CD172F67205B52DE00BD9778 /* England.png in Resources */ = {isa = PBXBuildFile; fileRef = CD172F45205B52DE00BD9778 /* England.png */; };
		CD172F68205B52DE00BD9778 /* CoteDIvoire.png in Resources */ = {isa = PBXBuildFile; fileRef = CD172F46205B52DE00BD9778 /* CoteDIvoire.png */; };
		CD172F69205B52DE00BD9778 /* Brazil.png in Resources */ = {isa = PBXBuildFile; fileRef = CD172F47205B52DE00BD9778 /* Brazil.png */; };
		CD172F6A205B52DE00BD9778 /* Greece.png in Resources */ = {isa = PBXBuildFile; fileRef = CD172F48205B52DE00BD9778 /* Greece.png */; };
		CD172F6B205B52DE00BD9778 /* team_dictionary.plist in Resources */ = {isa = PBXBuildFile; fileRef = CD172F49205B52DE00BD9778 /* team_dictionary.plist */; };
		CD172F6C205B52DE00BD9778 /* NewZealand.png in Resources */ = {isa = PBXBuildFile; fileRef = CD172F4A205B52DE00BD9778 /* NewZealand.png */; };
		CD172F6D205B52DE00BD9778 /* Switzerland.png in Resources */ = {isa = PBXBuildFile; fileRef = CD172F4B205B52DE00BD9778 /* Switzerland.png */; };
		CD172F6E205B52DE00BD9778 /* SouthKorea.png in Resources */ = {isa = PBXBuildFile; fileRef = CD172F4C205B52DE00BD9778 /* SouthKorea.png */; };
		CD172F6F205B52DE00BD9778 /* Nigeria.png in Resources */ = {isa = PBXBuildFile; fileRef = CD172F4D205B52DE00BD9778 /* Nigeria.png */; };
		CD172F70205B52DE00BD9778 /* Germany.png in Resources */ = {isa = PBXBuildFile; fileRef = CD172F4E205B52DE00BD9778 /* Germany.png */; };
		CD172F71205B52DE00BD9778 /* Portugal.png in Resources */ = {isa = PBXBuildFile; fileRef = CD172F4F205B52DE00BD9778 /* Portugal.png */; };
		CD172F72205B52DE00BD9778 /* Spain.png in Resources */ = {isa = PBXBuildFile; fileRef = CD172F50205B52DE00BD9778 /* Spain.png */; };
		CD172F73205B52DE00BD9778 /* Paraguay.png in Resources */ = {isa = PBXBuildFile; fileRef = CD172F51205B52DE00BD9778 /* Paraguay.png */; };
		CD172F74205B52DE00BD9778 /* Serbia.png in Resources */ = {isa = PBXBuildFile; fileRef = CD172F52205B52DE00BD9778 /* Serbia.png */; };
		CD172F75205B52DE00BD9778 /* France.png in Resources */ = {isa = PBXBuildFile; fileRef = CD172F53205B52DE00BD9778 /* France.png */; };
		CD172F76205B52DE00BD9778 /* Italy.png in Resources */ = {isa = PBXBuildFile; fileRef = CD172F54205B52DE00BD9778 /* Italy.png */; };
		CD172F77205B52DE00BD9778 /* team.plist in Resources */ = {isa = PBXBuildFile; fileRef = CD172F55205B52DE00BD9778 /* team.plist */; };
		CD172F78205B52DE00BD9778 /* Denmark.png in Resources */ = {isa = PBXBuildFile; fileRef = CD172F56205B52DE00BD9778 /* Denmark.png */; };
		CD172F79205B52DE00BD9778 /* Japan.png in Resources */ = {isa = PBXBuildFile; fileRef = CD172F57205B52DE00BD9778 /* Japan.png */; };
		CD172F7A205B52DE00BD9778 /* Uruguay.png in Resources */ = {isa = PBXBuildFile; fileRef = CD172F58205B52DE00BD9778 /* Uruguay.png */; };
		CD172F7B205B52DE00BD9778 /* NorthKorea.png in Resources */ = {isa = PBXBuildFile; fileRef = CD172F59205B52DE00BD9778 /* NorthKorea.png */; };
		CD172F7C205B52DE00BD9778 /* Slovenia.png in Resources */ = {isa = PBXBuildFile; fileRef = CD172F5A205B52DE00BD9778 /* Slovenia.png */; };
		CD172F7D205B52DE00BD9778 /* Slovakia.png in Resources */ = {isa = PBXBuildFile; fileRef = CD172F5B205B52DE00BD9778 /* Slovakia.png */; };
		CD172F7E205B52DE00BD9778 /* Chile.png in Resources */ = {isa = PBXBuildFile; fileRef = CD172F5C205B52DE00BD9778 /* Chile.png */; };
		CD172F7F205B52DE00BD9778 /* Mexico.png in Resources */ = {isa = PBXBuildFile; fileRef = CD172F5D205B52DE00BD9778 /* Mexico.png */; };
		CD172F82205B53D200BD9778 /* DemoCell.m in Sources */ = {isa = PBXBuildFile; fileRef = CD172F81205B53D200BD9778 /* DemoCell.m */; };
/* End PBXBuildFile section */

/* Begin PBXFileReference section */
		CD172F22205B51FA00BD9778 /* tableViewSectionDemo.app */ = {isa = PBXFileReference; explicitFileType = wrapper.application; includeInIndex = 0; path = tableViewSectionDemo.app; sourceTree = BUILT_PRODUCTS_DIR; };
		CD172F25205B51FA00BD9778 /* AppDelegate.h */ = {isa = PBXFileReference; lastKnownFileType = sourcecode.c.h; path = AppDelegate.h; sourceTree = "<group>"; };
		CD172F26205B51FA00BD9778 /* AppDelegate.m */ = {isa = PBXFileReference; lastKnownFileType = sourcecode.c.objc; path = AppDelegate.m; sourceTree = "<group>"; };
		CD172F28205B51FA00BD9778 /* ViewController.h */ = {isa = PBXFileReference; lastKnownFileType = sourcecode.c.h; path = ViewController.h; sourceTree = "<group>"; };
		CD172F29205B51FA00BD9778 /* ViewController.m */ = {isa = PBXFileReference; lastKnownFileType = sourcecode.c.objc; path = ViewController.m; sourceTree = "<group>"; };
		CD172F2C205B51FA00BD9778 /* Base */ = {isa = PBXFileReference; lastKnownFileType = file.storyboard; name = Base; path = Base.lproj/Main.storyboard; sourceTree = "<group>"; };
		CD172F2E205B51FA00BD9778 /* Assets.xcassets */ = {isa = PBXFileReference; lastKnownFileType = folder.assetcatalog; path = Assets.xcassets; sourceTree = "<group>"; };
		CD172F31205B51FA00BD9778 /* Base */ = {isa = PBXFileReference; lastKnownFileType = file.storyboard; name = Base; path = Base.lproj/LaunchScreen.storyboard; sourceTree = "<group>"; };
		CD172F33205B51FA00BD9778 /* Info.plist */ = {isa = PBXFileReference; lastKnownFileType = text.plist.xml; path = Info.plist; sourceTree = "<group>"; };
		CD172F34205B51FA00BD9778 /* main.m */ = {isa = PBXFileReference; lastKnownFileType = sourcecode.c.objc; path = main.m; sourceTree = "<group>"; };
		CD172F3C205B52DE00BD9778 /* Ghana.png */ = {isa = PBXFileReference; lastKnownFileType = image.png; path = Ghana.png; sourceTree = "<group>"; };
		CD172F3D205B52DE00BD9778 /* Argentina.png */ = {isa = PBXFileReference; lastKnownFileType = image.png; path = Argentina.png; sourceTree = "<group>"; };
		CD172F3E205B52DE00BD9778 /* SouthAfrica.png */ = {isa = PBXFileReference; lastKnownFileType = image.png; path = SouthAfrica.png; sourceTree = "<group>"; };
		CD172F3F205B52DE00BD9778 /* Holland.png */ = {isa = PBXFileReference; lastKnownFileType = image.png; path = Holland.png; sourceTree = "<group>"; };
		CD172F40205B52DE00BD9778 /* Algeria.png */ = {isa = PBXFileReference; lastKnownFileType = image.png; path = Algeria.png; sourceTree = "<group>"; };
		CD172F41205B52DE00BD9778 /* Honduras.png */ = {isa = PBXFileReference; lastKnownFileType = image.png; path = Honduras.png; sourceTree = "<group>"; };
		CD172F42205B52DE00BD9778 /* USA.png */ = {isa = PBXFileReference; lastKnownFileType = image.png; path = USA.png; sourceTree = "<group>"; };
		CD172F43205B52DE00BD9778 /* Australia.png */ = {isa = PBXFileReference; lastKnownFileType = image.png; path = Australia.png; sourceTree = "<group>"; };
		CD172F44205B52DE00BD9778 /* Cameroon.png */ = {isa = PBXFileReference; lastKnownFileType = image.png; path = Cameroon.png; sourceTree = "<group>"; };
		CD172F45205B52DE00BD9778 /* England.png */ = {isa = PBXFileReference; lastKnownFileType = image.png; path = England.png; sourceTree = "<group>"; };
		CD172F46205B52DE00BD9778 /* CoteDIvoire.png */ = {isa = PBXFileReference; lastKnownFileType = image.png; path = CoteDIvoire.png; sourceTree = "<group>"; };
		CD172F47205B52DE00BD9778 /* Brazil.png */ = {isa = PBXFileReference; lastKnownFileType = image.png; path = Brazil.png; sourceTree = "<group>"; };
		CD172F48205B52DE00BD9778 /* Greece.png */ = {isa = PBXFileReference; lastKnownFileType = image.png; path = Greece.png; sourceTree = "<group>"; };
		CD172F49205B52DE00BD9778 /* team_dictionary.plist */ = {isa = PBXFileReference; fileEncoding = 4; lastKnownFileType = text.plist.xml; path = team_dictionary.plist; sourceTree = "<group>"; };
		CD172F4A205B52DE00BD9778 /* NewZealand.png */ = {isa = PBXFileReference; lastKnownFileType = image.png; path = NewZealand.png; sourceTree = "<group>"; };
		CD172F4B205B52DE00BD9778 /* Switzerland.png */ = {isa = PBXFileReference; lastKnownFileType = image.png; path = Switzerland.png; sourceTree = "<group>"; };
		CD172F4C205B52DE00BD9778 /* SouthKorea.png */ = {isa = PBXFileReference; lastKnownFileType = image.png; path = SouthKorea.png; sourceTree = "<group>"; };
		CD172F4D205B52DE00BD9778 /* Nigeria.png */ = {isa = PBXFileReference; lastKnownFileType = image.png; path = Nigeria.png; sourceTree = "<group>"; };
		CD172F4E205B52DE00BD9778 /* Germany.png */ = {isa = PBXFileReference; lastKnownFileType = image.png; path = Germany.png; sourceTree = "<group>"; };
		CD172F4F205B52DE00BD9778 /* Portugal.png */ = {isa = PBXFileReference; lastKnownFileType = image.png; path = Portugal.png; sourceTree = "<group>"; };
		CD172F50205B52DE00BD9778 /* Spain.png */ = {isa = PBXFileReference; lastKnownFileType = image.png; path = Spain.png; sourceTree = "<group>"; };
		CD172F51205B52DE00BD9778 /* Paraguay.png */ = {isa = PBXFileReference; lastKnownFileType = image.png; path = Paraguay.png; sourceTree = "<group>"; };
		CD172F52205B52DE00BD9778 /* Serbia.png */ = {isa = PBXFileReference; lastKnownFileType = image.png; path = Serbia.png; sourceTree = "<group>"; };
		CD172F53205B52DE00BD9778 /* France.png */ = {isa = PBXFileReference; lastKnownFileType = image.png; path = France.png; sourceTree = "<group>"; };
		CD172F54205B52DE00BD9778 /* Italy.png */ = {isa = PBXFileReference; lastKnownFileType = image.png; path = Italy.png; sourceTree = "<group>"; };
		CD172F55205B52DE00BD9778 /* team.plist */ = {isa = PBXFileReference; fileEncoding = 4; lastKnownFileType = text.plist.xml; path = team.plist; sourceTree = "<group>"; };
		CD172F56205B52DE00BD9778 /* Denmark.png */ = {isa = PBXFileReference; lastKnownFileType = image.png; path = Denmark.png; sourceTree = "<group>"; };
		CD172F57205B52DE00BD9778 /* Japan.png */ = {isa = PBXFileReference; lastKnownFileType = image.png; path = Japan.png; sourceTree = "<group>"; };
		CD172F58205B52DE00BD9778 /* Uruguay.png */ = {isa = PBXFileReference; lastKnownFileType = image.png; path = Uruguay.png; sourceTree = "<group>"; };
		CD172F59205B52DE00BD9778 /* NorthKorea.png */ = {isa = PBXFileReference; lastKnownFileType = image.png; path = NorthKorea.png; sourceTree = "<group>"; };
		CD172F5A205B52DE00BD9778 /* Slovenia.png */ = {isa = PBXFileReference; lastKnownFileType = image.png; path = Slovenia.png; sourceTree = "<group>"; };
		CD172F5B205B52DE00BD9778 /* Slovakia.png */ = {isa = PBXFileReference; lastKnownFileType = image.png; path = Slovakia.png; sourceTree = "<group>"; };
		CD172F5C205B52DE00BD9778 /* Chile.png */ = {isa = PBXFileReference; lastKnownFileType = image.png; path = Chile.png; sourceTree = "<group>"; };
		CD172F5D205B52DE00BD9778 /* Mexico.png */ = {isa = PBXFileReference; lastKnownFileType = image.png; path = Mexico.png; sourceTree = "<group>"; };
		CD172F80205B53D200BD9778 /* DemoCell.h */ = {isa = PBXFileReference; lastKnownFileType = sourcecode.c.h; path = DemoCell.h; sourceTree = "<group>"; };
		CD172F81205B53D200BD9778 /* DemoCell.m */ = {isa = PBXFileReference; lastKnownFileType = sourcecode.c.objc; path = DemoCell.m; sourceTree = "<group>"; };
/* End PBXFileReference section */

/* Begin PBXFrameworksBuildPhase section */
		CD172F1F205B51FA00BD9778 /* Frameworks */ = {
			isa = PBXFrameworksBuildPhase;
			buildActionMask = 2147483647;
			files = (
			);
			runOnlyForDeploymentPostprocessing = 0;
		};
/* End PBXFrameworksBuildPhase section */

/* Begin PBXGroup section */
		CD172F19205B51FA00BD9778 = {
			isa = PBXGroup;
			children = (
				CD172F24205B51FA00BD9778 /* tableViewSectionDemo */,
				CD172F23205B51FA00BD9778 /* Products */,
			);
			sourceTree = "<group>";
		};
		CD172F23205B51FA00BD9778 /* Products */ = {
			isa = PBXGroup;
			children = (
				CD172F22205B51FA00BD9778 /* tableViewSectionDemo.app */,
			);
			name = Products;
			sourceTree = "<group>";
		};
		CD172F24205B51FA00BD9778 /* tableViewSectionDemo */ = {
			isa = PBXGroup;
			children = (
				CD172F25205B51FA00BD9778 /* AppDelegate.h */,
				CD172F26205B51FA00BD9778 /* AppDelegate.m */,
				CD172F28205B51FA00BD9778 /* ViewController.h */,
				CD172F29205B51FA00BD9778 /* ViewController.m */,
				CD172F80205B53D200BD9778 /* DemoCell.h */,
				CD172F81205B53D200BD9778 /* DemoCell.m */,
				CD172F3B205B52DE00BD9778 /* 球队图片 */,
				CD172F2B205B51FA00BD9778 /* Main.storyboard */,
				CD172F2E205B51FA00BD9778 /* Assets.xcassets */,
				CD172F30205B51FA00BD9778 /* LaunchScreen.storyboard */,
				CD172F33205B51FA00BD9778 /* Info.plist */,
				CD172F34205B51FA00BD9778 /* main.m */,
			);
			path = tableViewSectionDemo;
			sourceTree = "<group>";
		};
		CD172F3B205B52DE00BD9778 /* 球队图片 */ = {
			isa = PBXGroup;
			children = (
				CD172F3C205B52DE00BD9778 /* Ghana.png */,
				CD172F3D205B52DE00BD9778 /* Argentina.png */,
				CD172F3E205B52DE00BD9778 /* SouthAfrica.png */,
				CD172F3F205B52DE00BD9778 /* Holland.png */,
				CD172F40205B52DE00BD9778 /* Algeria.png */,
				CD172F41205B52DE00BD9778 /* Honduras.png */,
				CD172F42205B52DE00BD9778 /* USA.png */,
				CD172F43205B52DE00BD9778 /* Australia.png */,
				CD172F44205B52DE00BD9778 /* Cameroon.png */,
				CD172F45205B52DE00BD9778 /* England.png */,
				CD172F46205B52DE00BD9778 /* CoteDIvoire.png */,
				CD172F47205B52DE00BD9778 /* Brazil.png */,
				CD172F48205B52DE00BD9778 /* Greece.png */,
				CD172F49205B52DE00BD9778 /* team_dictionary.plist */,
				CD172F4A205B52DE00BD9778 /* NewZealand.png */,
				CD172F4B205B52DE00BD9778 /* Switzerland.png */,
				CD172F4C205B52DE00BD9778 /* SouthKorea.png */,
				CD172F4D205B52DE00BD9778 /* Nigeria.png */,
				CD172F4E205B52DE00BD9778 /* Germany.png */,
				CD172F4F205B52DE00BD9778 /* Portugal.png */,
				CD172F50205B52DE00BD9778 /* Spain.png */,
				CD172F51205B52DE00BD9778 /* Paraguay.png */,
				CD172F52205B52DE00BD9778 /* Serbia.png */,
				CD172F53205B52DE00BD9778 /* France.png */,
				CD172F54205B52DE00BD9778 /* Italy.png */,
				CD172F55205B52DE00BD9778 /* team.plist */,
				CD172F56205B52DE00BD9778 /* Denmark.png */,
				CD172F57205B52DE00BD9778 /* Japan.png */,
				CD172F58205B52DE00BD9778 /* Uruguay.png */,
				CD172F59205B52DE00BD9778 /* NorthKorea.png */,
				CD172F5A205B52DE00BD9778 /* Slovenia.png */,
				CD172F5B205B52DE00BD9778 /* Slovakia.png */,
				CD172F5C205B52DE00BD9778 /* Chile.png */,
				CD172F5D205B52DE00BD9778 /* Mexico.png */,
			);
			path = "球队图片";
			sourceTree = "<group>";
		};
/* End PBXGroup section */

/* Begin PBXNativeTarget section */
		CD172F21205B51FA00BD9778 /* tableViewSectionDemo */ = {
			isa = PBXNativeTarget;
			buildConfigurationList = CD172F38205B51FA00BD9778 /* Build configuration list for PBXNativeTarget "tableViewSectionDemo" */;
			buildPhases = (
				CD172F1E205B51FA00BD9778 /* Sources */,
				CD172F1F205B51FA00BD9778 /* Frameworks */,
				CD172F20205B51FA00BD9778 /* Resources */,
			);
			buildRules = (
			);
			dependencies = (
			);
			name = tableViewSectionDemo;
			productName = tableViewSectionDemo;
			productReference = CD172F22205B51FA00BD9778 /* tableViewSectionDemo.app */;
			productType = "com.apple.product-type.application";
		};
/* End PBXNativeTarget section */

/* Begin PBXProject section */
		CD172F1A205B51FA00BD9778 /* Project object */ = {
			isa = PBXProject;
			attributes = {
				LastUpgradeCheck = 0910;
				ORGANIZATIONNAME = PatrickY;
				TargetAttributes = {
					CD172F21205B51FA00BD9778 = {
						CreatedOnToolsVersion = 9.1;
						ProvisioningStyle = Automatic;
					};
				};
			};
			buildConfigurationList = CD172F1D205B51FA00BD9778 /* Build configuration list for PBXProject "tableViewSectionDemo" */;
			compatibilityVersion = "Xcode 8.0";
			developmentRegion = en;
			hasScannedForEncodings = 0;
			knownRegions = (
				en,
				Base,
			);
			mainGroup = CD172F19205B51FA00BD9778;
			productRefGroup = CD172F23205B51FA00BD9778 /* Products */;
			projectDirPath = "";
			projectRoot = "";
			targets = (
				CD172F21205B51FA00BD9778 /* tableViewSectionDemo */,
			);
		};
/* End PBXProject section */

/* Begin PBXResourcesBuildPhase section */
		CD172F20205B51FA00BD9778 /* Resources */ = {
			isa = PBXResourcesBuildPhase;
			buildActionMask = 2147483647;
			files = (
				CD172F69205B52DE00BD9778 /* Brazil.png in Resources */,
				CD172F32205B51FA00BD9778 /* LaunchScreen.storyboard in Resources */,
				CD172F6E205B52DE00BD9778 /* SouthKorea.png in Resources */,
				CD172F71205B52DE00BD9778 /* Portugal.png in Resources */,
				CD172F77205B52DE00BD9778 /* team.plist in Resources */,
				CD172F6B205B52DE00BD9778 /* team_dictionary.plist in Resources */,
				CD172F5F205B52DE00BD9778 /* Argentina.png in Resources */,
				CD172F2F205B51FA00BD9778 /* Assets.xcassets in Resources */,
				CD172F68205B52DE00BD9778 /* CoteDIvoire.png in Resources */,
				CD172F6F205B52DE00BD9778 /* Nigeria.png in Resources */,
				CD172F66205B52DE00BD9778 /* Cameroon.png in Resources */,
				CD172F67205B52DE00BD9778 /* England.png in Resources */,
				CD172F7B205B52DE00BD9778 /* NorthKorea.png in Resources */,
				CD172F62205B52DE00BD9778 /* Algeria.png in Resources */,
				CD172F6A205B52DE00BD9778 /* Greece.png in Resources */,
				CD172F60205B52DE00BD9778 /* SouthAfrica.png in Resources */,
				CD172F64205B52DE00BD9778 /* USA.png in Resources */,
				CD172F7A205B52DE00BD9778 /* Uruguay.png in Resources */,
				CD172F76205B52DE00BD9778 /* Italy.png in Resources */,
				CD172F6C205B52DE00BD9778 /* NewZealand.png in Resources */,
				CD172F7D205B52DE00BD9778 /* Slovakia.png in Resources */,
				CD172F65205B52DE00BD9778 /* Australia.png in Resources */,
				CD172F74205B52DE00BD9778 /* Serbia.png in Resources */,
				CD172F61205B52DE00BD9778 /* Holland.png in Resources */,
				CD172F75205B52DE00BD9778 /* France.png in Resources */,
				CD172F7E205B52DE00BD9778 /* Chile.png in Resources */,
				CD172F2D205B51FA00BD9778 /* Main.storyboard in Resources */,
				CD172F63205B52DE00BD9778 /* Honduras.png in Resources */,
				CD172F78205B52DE00BD9778 /* Denmark.png in Resources */,
				CD172F70205B52DE00BD9778 /* Germany.png in Resources */,
				CD172F7F205B52DE00BD9778 /* Mexico.png in Resources */,
				CD172F5E205B52DE00BD9778 /* Ghana.png in Resources */,
				CD172F6D205B52DE00BD9778 /* Switzerland.png in Resources */,
				CD172F72205B52DE00BD9778 /* Spain.png in Resources */,
				CD172F79205B52DE00BD9778 /* Japan.png in Resources */,
				CD172F7C205B52DE00BD9778 /* Slovenia.png in Resources */,
				CD172F73205B52DE00BD9778 /* Paraguay.png in Resources */,
			);
			runOnlyForDeploymentPostprocessing = 0;
		};
/* End PBXResourcesBuildPhase section */

/* Begin PBXSourcesBuildPhase section */
		CD172F1E205B51FA00BD9778 /* Sources */ = {
			isa = PBXSourcesBuildPhase;
			buildActionMask = 2147483647;
			files = (
				CD172F2A205B51FA00BD9778 /* ViewController.m in Sources */,
				CD172F35205B51FA00BD9778 /* main.m in Sources */,
				CD172F82205B53D200BD9778 /* DemoCell.m in Sources */,
				CD172F27205B51FA00BD9778 /* AppDelegate.m in Sources */,
			);
			runOnlyForDeploymentPostprocessing = 0;
		};
/* End PBXSourcesBuildPhase section */

/* Begin PBXVariantGroup section */
		CD172F2B205B51FA00BD9778 /* Main.storyboard */ = {
			isa = PBXVariantGroup;
			children = (
				CD172F2C205B51FA00BD9778 /* Base */,
			);
			name = Main.storyboard;
			sourceTree = "<group>";
		};
		CD172F30205B51FA00BD9778 /* LaunchScreen.storyboard */ = {
			isa = PBXVariantGroup;
			children = (
				CD172F31205B51FA00BD9778 /* Base */,
			);
			name = LaunchScreen.storyboard;
			sourceTree = "<group>";
		};
/* End PBXVariantGroup section */

/* Begin XCBuildConfiguration section */
		CD172F36205B51FA00BD9778 /* Debug */ = {
			isa = XCBuildConfiguration;
			buildSettings = {
				ALWAYS_SEARCH_USER_PATHS = NO;
				CLANG_ANALYZER_NONNULL = YES;
				CLANG_ANALYZER_NUMBER_OBJECT_CONVERSION = YES_AGGRESSIVE;
				CLANG_CXX_LANGUAGE_STANDARD = "gnu++14";
				CLANG_CXX_LIBRARY = "libc++";
				CLANG_ENABLE_MODULES = YES;
				CLANG_ENABLE_OBJC_ARC = YES;
				CLANG_WARN_BLOCK_CAPTURE_AUTORELEASING = YES;
				CLANG_WARN_BOOL_CONVERSION = YES;
				CLANG_WARN_COMMA = YES;
				CLANG_WARN_CONSTANT_CONVERSION = YES;
				CLANG_WARN_DIRECT_OBJC_ISA_USAGE = YES_ERROR;
				CLANG_WARN_DOCUMENTATION_COMMENTS = YES;
				CLANG_WARN_EMPTY_BODY = YES;
				CLANG_WARN_ENUM_CONVERSION = YES;
				CLANG_WARN_INFINITE_RECURSION = YES;
				CLANG_WARN_INT_CONVERSION = YES;
				CLANG_WARN_NON_LITERAL_NULL_CONVERSION = YES;
				CLANG_WARN_OBJC_LITERAL_CONVERSION = YES;
				CLANG_WARN_OBJC_ROOT_CLASS = YES_ERROR;
				CLANG_WARN_RANGE_LOOP_ANALYSIS = YES;
				CLANG_WARN_STRICT_PROTOTYPES = YES;
				CLANG_WARN_SUSPICIOUS_MOVE = YES;
				CLANG_WARN_UNGUARDED_AVAILABILITY = YES_AGGRESSIVE;
				CLANG_WARN_UNREACHABLE_CODE = YES;
				CLANG_WARN__DUPLICATE_METHOD_MATCH = YES;
				CODE_SIGN_IDENTITY = "iPhone Developer";
				COPY_PHASE_STRIP = NO;
				DEBUG_INFORMATION_FORMAT = dwarf;
				ENABLE_STRICT_OBJC_MSGSEND = YES;
				ENABLE_TESTABILITY = YES;
				GCC_C_LANGUAGE_STANDARD = gnu11;
				GCC_DYNAMIC_NO_PIC = NO;
				GCC_NO_COMMON_BLOCKS = YES;
				GCC_OPTIMIZATION_LEVEL = 0;
				GCC_PREPROCESSOR_DEFINITIONS = (
					"DEBUG=1",
					"$(inherited)",
				);
				GCC_WARN_64_TO_32_BIT_CONVERSION = YES;
				GCC_WARN_ABOUT_RETURN_TYPE = YES_ERROR;
				GCC_WARN_UNDECLARED_SELECTOR = YES;
				GCC_WARN_UNINITIALIZED_AUTOS = YES_AGGRESSIVE;
				GCC_WARN_UNUSED_FUNCTION = YES;
				GCC_WARN_UNUSED_VARIABLE = YES;
				IPHONEOS_DEPLOYMENT_TARGET = 11.1;
				MTL_ENABLE_DEBUG_INFO = YES;
				ONLY_ACTIVE_ARCH = YES;
				SDKROOT = iphoneos;
			};
			name = Debug;
		};
		CD172F37205B51FA00BD9778 /* Release */ = {
			isa = XCBuildConfiguration;
			buildSettings = {
				ALWAYS_SEARCH_USER_PATHS = NO;
				CLANG_ANALYZER_NONNULL = YES;
				CLANG_ANALYZER_NUMBER_OBJECT_CONVERSION = YES_AGGRESSIVE;
				CLANG_CXX_LANGUAGE_STANDARD = "gnu++14";
				CLANG_CXX_LIBRARY = "libc++";
				CLANG_ENABLE_MODULES = YES;
				CLANG_ENABLE_OBJC_ARC = YES;
				CLANG_WARN_BLOCK_CAPTURE_AUTORELEASING = YES;
				CLANG_WARN_BOOL_CONVERSION = YES;
				CLANG_WARN_COMMA = YES;
				CLANG_WARN_CONSTANT_CONVERSION = YES;
				CLANG_WARN_DIRECT_OBJC_ISA_USAGE = YES_ERROR;
				CLANG_WARN_DOCUMENTATION_COMMENTS = YES;
				CLANG_WARN_EMPTY_BODY = YES;
				CLANG_WARN_ENUM_CONVERSION = YES;
				CLANG_WARN_INFINITE_RECURSION = YES;
				CLANG_WARN_INT_CONVERSION = YES;
				CLANG_WARN_NON_LITERAL_NULL_CONVERSION = YES;
				CLANG_WARN_OBJC_LITERAL_CONVERSION = YES;
				CLANG_WARN_OBJC_ROOT_CLASS = YES_ERROR;
				CLANG_WARN_RANGE_LOOP_ANALYSIS = YES;
				CLANG_WARN_STRICT_PROTOTYPES = YES;
				CLANG_WARN_SUSPICIOUS_MOVE = YES;
				CLANG_WARN_UNGUARDED_AVAILABILITY = YES_AGGRESSIVE;
				CLANG_WARN_UNREACHABLE_CODE = YES;
				CLANG_WARN__DUPLICATE_METHOD_MATCH = YES;
				CODE_SIGN_IDENTITY = "iPhone Developer";
				COPY_PHASE_STRIP = NO;
				DEBUG_INFORMATION_FORMAT = "dwarf-with-dsym";
				ENABLE_NS_ASSERTIONS = NO;
				ENABLE_STRICT_OBJC_MSGSEND = YES;
				GCC_C_LANGUAGE_STANDARD = gnu11;
				GCC_NO_COMMON_BLOCKS = YES;
				GCC_WARN_64_TO_32_BIT_CONVERSION = YES;
				GCC_WARN_ABOUT_RETURN_TYPE = YES_ERROR;
				GCC_WARN_UNDECLARED_SELECTOR = YES;
				GCC_WARN_UNINITIALIZED_AUTOS = YES_AGGRESSIVE;
				GCC_WARN_UNUSED_FUNCTION = YES;
				GCC_WARN_UNUSED_VARIABLE = YES;
				IPHONEOS_DEPLOYMENT_TARGET = 11.1;
				MTL_ENABLE_DEBUG_INFO = NO;
				SDKROOT = iphoneos;
				VALIDATE_PRODUCT = YES;
			};
			name = Release;
		};
		CD172F39205B51FA00BD9778 /* Debug */ = {
			isa = XCBuildConfiguration;
			buildSettings = {
				ASSETCATALOG_COMPILER_APPICON_NAME = AppIcon;
				CODE_SIGN_STYLE = Automatic;
				DEVELOPMENT_TEAM = 5C23J56UD3;
				INFOPLIST_FILE = tableViewSectionDemo/Info.plist;
				LD_RUNPATH_SEARCH_PATHS = "$(inherited) @executable_path/Frameworks";
				PRODUCT_BUNDLE_IDENTIFIER = com.py.tableViewSectionDemo;
				PRODUCT_NAME = "$(TARGET_NAME)";
				TARGETED_DEVICE_FAMILY = "1,2";
			};
			name = Debug;
		};
		CD172F3A205B51FA00BD9778 /* Release */ = {
			isa = XCBuildConfiguration;
			buildSettings = {
				ASSETCATALOG_COMPILER_APPICON_NAME = AppIcon;
				CODE_SIGN_STYLE = Automatic;
				DEVELOPMENT_TEAM = 5C23J56UD3;
				INFOPLIST_FILE = tableViewSectionDemo/Info.plist;
				LD_RUNPATH_SEARCH_PATHS = "$(inherited) @executable_path/Frameworks";
				PRODUCT_BUNDLE_IDENTIFIER = com.py.tableViewSectionDemo;
				PRODUCT_NAME = "$(TARGET_NAME)";
				TARGETED_DEVICE_FAMILY = "1,2";
			};
			name = Release;
		};
/* End XCBuildConfiguration section */

/* Begin XCConfigurationList section */
		CD172F1D205B51FA00BD9778 /* Build configuration list for PBXProject "tableViewSectionDemo" */ = {
			isa = XCConfigurationList;
			buildConfigurations = (
				CD172F36205B51FA00BD9778 /* Debug */,
				CD172F37205B51FA00BD9778 /* Release */,
			);
			defaultConfigurationIsVisible = 0;
			defaultConfigurationName = Release;
		};
		CD172F38205B51FA00BD9778 /* Build configuration list for PBXNativeTarget "tableViewSectionDemo" */ = {
			isa = XCConfigurationList;
			buildConfigurations = (
				CD172F39205B51FA00BD9778 /* Debug */,
				CD172F3A205B51FA00BD9778 /* Release */,
			);
			defaultConfigurationIsVisible = 0;
			defaultConfigurationName = Release;
		};
/* End XCConfigurationList section */
	};
	rootObject = CD172F1A205B51FA00BD9778 /* Project object */;
}
