// !$*UTF8*$!
{
	archiveVersion = 1;
	classes = {
	};
	objectVersion = 48;
	objects = {

/* Begin PBXBuildFile section */
		CD172F27205B51FA00BD9778 /* AppDelegate.m in Sources */ = {isa = PBXBuildFile; fileRef = CD172F26205B51FA00BD9778 /* AppDelegate.m */; };
		CD172F2A205B51FA00BD9778 /* ViewController.m in Sources */ = {isa = PBXBuildFile; fileRef = CD172F29205B51FA00BD9778 /* ViewController.m */; };
		CD172F2D205B51FA00BD9778 /* Main.storyboard in Resources */ = {isa = PBXBuildFile; fileRef = CD172F2B205B51FA00BD9778 /* Main.storyboard */; };
		CD172F2F205B51FA00BD9778 /* Assets.xcassets in Resources */ = {isa = PBXBuildFile; fileRef = CD172F2E205B51FA00BD9778 /* Assets.xcassets */; };
		CD172F32205B51FA00BD9778 /* LaunchScreen.storyboard in Resources */ = {isa = PBXBuildFile; fileRef = CD172F30205B51FA00BD9778 /* LaunchScreen.storyboard */; };
		CD172F35205B51FA00BD9778 /* main.m in Sources */ = {isa = PBXBuildFile; fileRef = CD172F34205B51FA00BD9778 /* main.m */; };
/* End PBXBuildFile section */

/* Begin PBXFileReference section */
		CD172F22205B51FA00BD9778 /* tableViewSectionDemo.app */ = {isa = PBXFileReference; explicitFileType = wrapper.application; includeInIndex = 0; path = tableViewSectionDemo.app; sourceTree = BUILT_PRODUCTS_DIR; };
		CD172F25205B51FA00BD9778 /* AppDelegate.h */ = {isa = PBXFileReference; lastKnownFileType = sourcecode.c.h; path = AppDelegate.h; sourceTree = "<group>"; };
		CD172F26205B51FA00BD9778 /* AppDelegate.m */ = {isa = PBXFileReference; lastKnownFileType = sourcecode.c.objc; path = AppDelegate.m; sourceTree = "<group>"; };
		CD172F28205B51FA00BD9778 /* ViewController.h */ = {isa = PBXFileReference; lastKnownFileType = sourcecode.c.h; path = ViewController.h; sourceTree = "<group>"; };
		CD172F29205B51FA00BD9778 /* ViewController.m */ = {isa = PBXFileReference; lastKnownFileType = sourcecode.c.objc; path = ViewController.m; sourceTree = "<group>"; };
		CD172F2C205B51FA00BD9778 /* Base */ = {isa = PBXFileReference; lastKnownFileType = file.storyboard; name = Base; path = Base.lproj/Main.storyboard; sourceTree = "<group>"; };
		CD172F2E205B51FA00BD9778 /* Assets.xcassets */ = {isa = PBXFileReference; lastKnownFileType = folder.assetcatalog; path = Assets.xcassets; sourceTree = "<group>"; };
		CD172F31205B51FA00BD9778 /* Base */ = {isa = PBXFileReference; lastKnownFileType = file.storyboard; name = Base; path = Base.lproj/LaunchScreen.storyboard; sourceTree = "<group>"; };
		CD172F33205B51FA00BD9778 /* Info.plist */ = {isa = PBXFileReference; lastKnownFileType = text.plist.xml; path = Info.plist; sourceTree = "<group>"; };
		CD172F34205B51FA00BD9778 /* main.m */ = {isa = PBXFileReference; lastKnownFileType = sourcecode.c.objc; path = main.m; sourceTree = "<group>"; };
/* End PBXFileReference section */

/* Begin PBXFrameworksBuildPhase section */
		CD172F1F205B51FA00BD9778 /* Frameworks */ = {
			isa = PBXFrameworksBuildPhase;
			buildActionMask = 2147483647;
			files = (
			);
			runOnlyForDeploymentPostprocessing = 0;
		};
/* End PBXFrameworksBuildPhase section */

/* Begin PBXGroup section */
		CD172F19205B51FA00BD9778 = {
			isa = PBXGroup;
			children = (
				CD172F24205B51FA00BD9778 /* tableViewSectionDemo */,
				CD172F23205B51FA00BD9778 /* Products */,
			);
			sourceTree = "<group>";
		};
		CD172F23205B51FA00BD9778 /* Products */ = {
			isa = PBXGroup;
			children = (
				CD172F22205B51FA00BD9778 /* tableViewSectionDemo.app */,
			);
			name = Products;
			sourceTree = "<group>";
		};
		CD172F24205B51FA00BD9778 /* tableViewSectionDemo */ = {
			isa = PBXGroup;
			children = (
				CD172F25205B51FA00BD9778 /* AppDelegate.h */,
				CD172F26205B51FA00BD9778 /* AppDelegate.m */,
				CD172F28205B51FA00BD9778 /* ViewController.h */,
				CD172F29205B51FA00BD9778 /* ViewController.m */,
				CD172F2B205B51FA00BD9778 /* Main.storyboard */,
				CD172F2E205B51FA00BD9778 /* Assets.xcassets */,
				CD172F30205B51FA00BD9778 /* LaunchScreen.storyboard */,
				CD172F33205B51FA00BD9778 /* Info.plist */,
				CD172F34205B51FA00BD9778 /* main.m */,
			);
			path = tableViewSectionDemo;
			sourceTree = "<group>";
		};
/* End PBXGroup section */

/* Begin PBXNativeTarget section */
		CD172F21205B51FA00BD9778 /* tableViewSectionDemo */ = {
			isa = PBXNativeTarget;
			buildConfigurationList = CD172F38205B51FA00BD9778 /* Build configuration list for PBXNativeTarget "tableViewSectionDemo" */;
			buildPhases = (
				CD172F1E205B51FA00BD9778 /* Sources */,
				CD172F1F205B51FA00BD9778 /* Frameworks */,
				CD172F20205B51FA00BD9778 /* Resources */,
			);
			buildRules = (
			);
			dependencies = (
			);
			name = tableViewSectionDemo;
			productName = tableViewSectionDemo;
			productReference = CD172F22205B51FA00BD9778 /* tableViewSectionDemo.app */;
			productType = "com.apple.product-type.application";
		};
/* End PBXNativeTarget section */

/* Begin PBXProject section */
		CD172F1A205B51FA00BD9778 /* Project object */ = {
			isa = PBXProject;
			attributes = {
				LastUpgradeCheck = 0910;
				ORGANIZATIONNAME = PatrickY;
				TargetAttributes = {
					CD172F21205B51FA00BD9778 = {
						CreatedOnToolsVersion = 9.1;
						ProvisioningStyle = Automatic;
					};
				};
			};
			buildConfigurationList = CD172F1D205B51FA00BD9778 /* Build configuration list for PBXProject "tableViewSectionDemo" */;
			compatibilityVersion = "Xcode 8.0";
			developmentRegion = en;
			hasScannedForEncodings = 0;
			knownRegions = (
				en,
				Base,
			);
			mainGroup = CD172F19205B51FA00BD9778;
			productRefGroup = CD172F23205B51FA00BD9778 /* Products */;
			projectDirPath = "";
			projectRoot = "";
			targets = (
				CD172F21205B51FA00BD9778 /* tableViewSectionDemo */,
			);
		};
/* End PBXProject section */

/* Begin PBXResourcesBuildPhase section */
		CD172F20205B51FA00BD9778 /* Resources */ = {
			isa = PBXResourcesBuildPhase;
			buildActionMask = 2147483647;
			files = (
				CD172F32205B51FA00BD9778 /* LaunchScreen.storyboard in Resources */,
				CD172F2F205B51FA00BD9778 /* Assets.xcassets in Resources */,
				CD172F2D205B51FA00BD9778 /* Main.storyboard in Resources */,
			);
			runOnlyForDeploymentPostprocessing = 0;
		};
/* End PBXResourcesBuildPhase section */

/* Begin PBXSourcesBuildPhase section */
		CD172F1E205B51FA00BD9778 /* Sources */ = {
			isa = PBXSourcesBuildPhase;
			buildActionMask = 2147483647;
			files = (
				CD172F2A205B51FA00BD9778 /* ViewController.m in Sources */,
				CD172F35205B51FA00BD9778 /* main.m in Sources */,
				CD172F27205B51FA00BD9778 /* AppDelegate.m in Sources */,
			);
			runOnlyForDeploymentPostprocessing = 0;
		};
/* End PBXSourcesBuildPhase section */

/* Begin PBXVariantGroup section */
		CD172F2B205B51FA00BD9778 /* Main.storyboard */ = {
			isa = PBXVariantGroup;
			children = (
				CD172F2C205B51FA00BD9778 /* Base */,
			);
			name = Main.storyboard;
			sourceTree = "<group>";
		};
		CD172F30205B51FA00BD9778 /* LaunchScreen.storyboard */ = {
			isa = PBXVariantGroup;
			children = (
				CD172F31205B51FA00BD9778 /* Base */,
			);
			name = LaunchScreen.storyboard;
			sourceTree = "<group>";
		};
/* End PBXVariantGroup section */

/* Begin XCBuildConfiguration section */
		CD172F36205B51FA00BD9778 /* Debug */ = {
			isa = XCBuildConfiguration;
			buildSettings = {
				ALWAYS_SEARCH_USER_PATHS = NO;
				CLANG_ANALYZER_NONNULL = YES;
				CLANG_ANALYZER_NUMBER_OBJECT_CONVERSION = YES_AGGRESSIVE;
				CLANG_CXX_LANGUAGE_STANDARD = "gnu++14";
				CLANG_CXX_LIBRARY = "libc++";
				CLANG_ENABLE_MODULES = YES;
				CLANG_ENABLE_OBJC_ARC = YES;
				CLANG_WARN_BLOCK_CAPTURE_AUTORELEASING = YES;
				CLANG_WARN_BOOL_CONVERSION = YES;
				CLANG_WARN_COMMA = YES;
				CLANG_WARN_CONSTANT_CONVERSION = YES;
				CLANG_WARN_DIRECT_OBJC_ISA_USAGE = YES_ERROR;
				CLANG_WARN_DOCUMENTATION_COMMENTS = YES;
				CLANG_WARN_EMPTY_BODY = YES;
				CLANG_WARN_ENUM_CONVERSION = YES;
				CLANG_WARN_INFINITE_RECURSION = YES;
				CLANG_WARN_INT_CONVERSION = YES;
				CLANG_WARN_NON_LITERAL_NULL_CONVERSION = YES;
				CLANG_WARN_OBJC_LITERAL_CONVERSION = YES;
				CLANG_WARN_OBJC_ROOT_CLASS = YES_ERROR;
				CLANG_WARN_RANGE_LOOP_ANALYSIS = YES;
				CLANG_WARN_STRICT_PROTOTYPES = YES;
				CLANG_WARN_SUSPICIOUS_MOVE = YES;
				CLANG_WARN_UNGUARDED_AVAILABILITY = YES_AGGRESSIVE;
				CLANG_WARN_UNREACHABLE_CODE = YES;
				CLANG_WARN__DUPLICATE_METHOD_MATCH = YES;
				CODE_SIGN_IDENTITY = "iPhone Developer";
				COPY_PHASE_STRIP = NO;
				DEBUG_INFORMATION_FORMAT = dwarf;
				ENABLE_STRICT_OBJC_MSGSEND = YES;
				ENABLE_TESTABILITY = YES;
				GCC_C_LANGUAGE_STANDARD = gnu11;
				GCC_DYNAMIC_NO_PIC = NO;
				GCC_NO_COMMON_BLOCKS = YES;
				GCC_OPTIMIZATION_LEVEL = 0;
				GCC_PREPROCESSOR_DEFINITIONS = (
					"DEBUG=1",
					"$(inherited)",
				);
				GCC_WARN_64_TO_32_BIT_CONVERSION = YES;
				GCC_WARN_ABOUT_RETURN_TYPE = YES_ERROR;
				GCC_WARN_UNDECLARED_SELECTOR = YES;
				GCC_WARN_UNINITIALIZED_AUTOS = YES_AGGRESSIVE;
				GCC_WARN_UNUSED_FUNCTION = YES;
				GCC_WARN_UNUSED_VARIABLE = YES;
				IPHONEOS_DEPLOYMENT_TARGET = 11.1;
				MTL_ENABLE_DEBUG_INFO = YES;
				ONLY_ACTIVE_ARCH = YES;
				SDKROOT = iphoneos;
			};
			name = Debug;
		};
		CD172F37205B51FA00BD9778 /* Release */ = {
			isa = XCBuildConfiguration;
			buildSettings = {
				ALWAYS_SEARCH_USER_PATHS = NO;
				CLANG_ANALYZER_NONNULL = YES;
				CLANG_ANALYZER_NUMBER_OBJECT_CONVERSION = YES_AGGRESSIVE;
				CLANG_CXX_LANGUAGE_STANDARD = "gnu++14";
				CLANG_CXX_LIBRARY = "libc++";
				CLANG_ENABLE_MODULES = YES;
				CLANG_ENABLE_OBJC_ARC = YES;
				CLANG_WARN_BLOCK_CAPTURE_AUTORELEASING = YES;
				CLANG_WARN_BOOL_CONVERSION = YES;
				CLANG_WARN_COMMA = YES;
				CLANG_WARN_CONSTANT_CONVERSION = YES;
				CLANG_WARN_DIRECT_OBJC_ISA_USAGE = YES_ERROR;
				CLANG_WARN_DOCUMENTATION_COMMENTS = YES;
				CLANG_WARN_EMPTY_BODY = YES;
				CLANG_WARN_ENUM_CONVERSION = YES;
				CLANG_WARN_INFINITE_RECURSION = YES;
				CLANG_WARN_INT_CONVERSION = YES;
				CLANG_WARN_NON_LITERAL_NULL_CONVERSION = YES;
				CLANG_WARN_OBJC_LITERAL_CONVERSION = YES;
				CLANG_WARN_OBJC_ROOT_CLASS = YES_ERROR;
				CLANG_WARN_RANGE_LOOP_ANALYSIS = YES;
				CLANG_WARN_STRICT_PROTOTYPES = YES;
				CLANG_WARN_SUSPICIOUS_MOVE = YES;
				CLANG_WARN_UNGUARDED_AVAILABILITY = YES_AGGRESSIVE;
				CLANG_WARN_UNREACHABLE_CODE = YES;
				CLANG_WARN__DUPLICATE_METHOD_MATCH = YES;
				CODE_SIGN_IDENTITY = "iPhone Developer";
				COPY_PHASE_STRIP = NO;
				DEBUG_INFORMATION_FORMAT = "dwarf-with-dsym";
				ENABLE_NS_ASSERTIONS = NO;
				ENABLE_STRICT_OBJC_MSGSEND = YES;
				GCC_C_LANGUAGE_STANDARD = gnu11;
				GCC_NO_COMMON_BLOCKS = YES;
				GCC_WARN_64_TO_32_BIT_CONVERSION = YES;
				GCC_WARN_ABOUT_RETURN_TYPE = YES_ERROR;
				GCC_WARN_UNDECLARED_SELECTOR = YES;
				GCC_WARN_UNINITIALIZED_AUTOS = YES_AGGRESSIVE;
				GCC_WARN_UNUSED_FUNCTION = YES;
				GCC_WARN_UNUSED_VARIABLE = YES;
				IPHONEOS_DEPLOYMENT_TARGET = 11.1;
				MTL_ENABLE_DEBUG_INFO = NO;
				SDKROOT = iphoneos;
				VALIDATE_PRODUCT = YES;
			};
			name = Release;
		};
		CD172F39205B51FA00BD9778 /* Debug */ = {
			isa = XCBuildConfiguration;
			buildSettings = {
				ASSETCATALOG_COMPILER_APPICON_NAME = AppIcon;
				CODE_SIGN_STYLE = Automatic;
				DEVELOPMENT_TEAM = 5C23J56UD3;
				INFOPLIST_FILE = tableViewSectionDemo/Info.plist;
				LD_RUNPATH_SEARCH_PATHS = "$(inherited) @executable_path/Frameworks";
				PRODUCT_BUNDLE_IDENTIFIER = com.py.tableViewSectionDemo;
				PRODUCT_NAME = "$(TARGET_NAME)";
				TARGETED_DEVICE_FAMILY = "1,2";
			};
			name = Debug;
		};
		CD172F3A205B51FA00BD9778 /* Release */ = {
			isa = XCBuildConfiguration;
			buildSettings = {
				ASSETCATALOG_COMPILER_APPICON_NAME = AppIcon;
				CODE_SIGN_STYLE = Automatic;
				DEVELOPMENT_TEAM = 5C23J56UD3;
				INFOPLIST_FILE = tableViewSectionDemo/Info.plist;
				LD_RUNPATH_SEARCH_PATHS = "$(inherited) @executable_path/Frameworks";
				PRODUCT_BUNDLE_IDENTIFIER = com.py.tableViewSectionDemo;
				PRODUCT_NAME = "$(TARGET_NAME)";
				TARGETED_DEVICE_FAMILY = "1,2";
			};
			name = Release;
		};
/* End XCBuildConfiguration section */

/* Begin XCConfigurationList section */
		CD172F1D205B51FA00BD9778 /* Build configuration list for PBXProject "tableViewSectionDemo" */ = {
			isa = XCConfigurationList;
			buildConfigurations = (
				CD172F36205B51FA00BD9778 /* Debug */,
				CD172F37205B51FA00BD9778 /* Release */,
			);
			defaultConfigurationIsVisible = 0;
			defaultConfigurationName = Release;
		};
		CD172F38205B51FA00BD9778 /* Build configuration list for PBXNativeTarget "tableViewSectionDemo" */ = {
			isa = XCConfigurationList;
			buildConfigurations = (
				CD172F39205B51FA00BD9778 /* Debug */,
				CD172F3A205B51FA00BD9778 /* Release */,
			);
			defaultConfigurationIsVisible = 0;
			defaultConfigurationName = Release;
		};
/* End XCConfigurationList section */
	};
	rootObject = CD172F1A205B51FA00BD9778 /* Project object */;
}
